{
    "_readme": [
        "This file locks the dependencies of your project to a known state",
        "Read more about it at http://getcomposer.org/doc/01-basic-usage.md#composer-lock-the-lock-file",
        "This file is @generated automatically"
    ],
    "hash": "47e91b3f675e104f70e162f12f5072be",
    "packages": [
        {
            "name": "ajshort/silverstripe-gridfieldextensions",
            "version": "dev-master",
            "source": {
                "type": "git",
                "url": "https://github.com/ajshort/silverstripe-gridfieldextensions.git",
                "reference": "7bf3cf9a319f35ca858385c8146685ee4bfc5ad0"
            },
            "dist": {
                "type": "zip",
                "url": "https://api.github.com/repos/ajshort/silverstripe-gridfieldextensions/zipball/7bf3cf9a319f35ca858385c8146685ee4bfc5ad0",
                "reference": "7bf3cf9a319f35ca858385c8146685ee4bfc5ad0",
                "shasum": ""
            },
            "require": {
                "silverstripe/framework": "~3.1"
            },
            "type": "silverstripe-module",
            "extra": {
                "installer-name": "gridfieldextensions",
                "screenshots": [
                    "docs/en/_images/editable-rows.png",
                    "docs/en/_images/add-existing-search.png"
                ]
            },
            "notification-url": "https://packagist.org/downloads/",
            "license": [
                "BSD-3-Clause"
            ],
            "authors": [
                {
                    "name": "Andrew Short",
                    "email": "andrewjshort@gmail.com"
                }
            ],
            "description": "A collection of useful grid field components",
            "homepage": "http://github.com/ajshort/silverstripe-gridfieldextensions",
            "keywords": [
                "gridfield",
                "silverstripe"
            ],
            "time": "2014-07-09 12:49:12"
        },
        {
            "name": "arambalakjian/dataobjectaspagefilter",
            "version": "dev-master",
            "source": {
                "type": "git",
                "url": "https://github.com/arambalakjian/DataObject-as-Page-Filter.git",
                "reference": "5fa2d7ad2ba1691b01bb47b5e96492c146b40876"
            },
            "dist": {
                "type": "zip",
                "url": "https://api.github.com/repos/arambalakjian/DataObject-as-Page-Filter/zipball/5fa2d7ad2ba1691b01bb47b5e96492c146b40876",
                "reference": "5fa2d7ad2ba1691b01bb47b5e96492c146b40876",
                "shasum": ""
            },
            "require": {
                "silverstripe/cms": "3.1.*",
                "silverstripe/dataobjectaspage": "master-dev",
                "silverstripe/framework": "3.1.*"
            },
            "replace": {
                "silverstripe/dataobjectaspagefilter": "*"
            },
            "type": "silverstripe-module",
            "notification-url": "https://packagist.org/downloads/",
            "authors": [
                {
                    "name": "Aram Balakjian",
                    "email": "aram@carboncrayon.com"
                }
            ],
            "description": "Filter DataObjects created with the DataObjectAsPage module - Allows for multi select and match all filters",
            "keywords": [
                "dataobjectasapagefilter",
                "filter",
                "silverstripe"
            ],
            "time": "2014-02-25 17:54:15"
        },
        {
            "name": "betterbrief/silverstripe-opauth",
            "version": "1.1",
            "source": {
                "type": "git",
                "url": "https://github.com/BetterBrief/silverstripe-opauth.git",
                "reference": "af3c8ba05f01cd088bbef3d6403c4006a3c1e788"
            },
            "dist": {
                "type": "zip",
                "url": "https://api.github.com/repos/BetterBrief/silverstripe-opauth/zipball/af3c8ba05f01cd088bbef3d6403c4006a3c1e788",
                "reference": "af3c8ba05f01cd088bbef3d6403c4006a3c1e788",
                "shasum": ""
            },
            "require": {
                "php": ">=5.3.0"
            },
            "type": "silverstripe-module",
            "notification-url": "https://packagist.org/downloads/",
            "license": [
                "BSD"
            ],
            "authors": [
                {
                    "name": "Will Morgan",
                    "homepage": "http://twitter.com/willmorgan",
                    "role": "Lead Developer"
                },
                {
                    "name": "Dan Hensby",
                    "homepage": "https://github.com/dhensby",
                    "role": "Code Scrutinizer"
                }
            ],
            "description": "SilverStripe 3.1 OpAuth module. See: http://opauth.org/",
            "homepage": "https://github.com/BetterBrief/silverstripe-opauth",
            "keywords": [
                "OPAuth",
                "login",
                "oauth",
                "silverstripe",
                "social"
            ],
            "time": "2013-12-06 13:32:55"
        },
        {
            "name": "carboncrayon/silverstripe-utils",
            "version": "dev-master",
            "source": {
                "type": "git",
                "url": "https://github.com/carboncrayon/silverstripe-utils.git",
                "reference": "a548aa76d9dd7fe4ec619e8ff4f8918cdc33b9cd"
            },
            "dist": {
                "type": "zip",
                "url": "https://api.github.com/repos/carboncrayon/silverstripe-utils/zipball/a548aa76d9dd7fe4ec619e8ff4f8918cdc33b9cd",
                "reference": "a548aa76d9dd7fe4ec619e8ff4f8918cdc33b9cd",
                "shasum": ""
            },
            "require": {
                "silverstripe/cms": "~3.1",
                "silverstripe/framework": "~3.1"
            },
            "type": "silverstripe-module",
            "authors": [
                {
                    "name": "Carbon Crayon",
                    "email": "admin@carboncrayon.com"
                }
            ],
            "description": "Tools and Helpers for SS sites",
            "support": {
                "source": "https://github.com/carboncrayon/silverstripe-utils/tree/master",
                "issues": "https://github.com/carboncrayon/silverstripe-utils/issues"
            },
            "time": "2014-03-19 11:31:40"
        },
        {
            "name": "colymba/gridfield-bulk-editing-tools",
            "version": "dev-master",
            "source": {
                "type": "git",
                "url": "https://github.com/colymba/GridFieldBulkEditingTools.git",
                "reference": "7d749774914d8321aa7b568eee7329809c96d7a7"
            },
            "dist": {
                "type": "zip",
                "url": "https://api.github.com/repos/colymba/GridFieldBulkEditingTools/zipball/7d749774914d8321aa7b568eee7329809c96d7a7",
                "reference": "7d749774914d8321aa7b568eee7329809c96d7a7",
                "shasum": ""
            },
            "require": {
                "silverstripe/framework": "~3.1"
            },
            "type": "silverstripe-module",
            "notification-url": "https://packagist.org/downloads/",
            "license": [
                "BSD Simplified"
            ],
            "authors": [
                {
                    "name": "Thierry Francois",
                    "homepage": "http://colymba.com"
                },
                {
                    "name": "GitHub contributors",
                    "homepage": "https://github.com/colymba/GridFieldBulkEditingTools/contributors"
                }
            ],
            "description": "SilverStripe 3 GridField component to upload images and edit records in bulk",
            "homepage": "https://github.com/colymba/GridFieldBulkEditingTools",
            "keywords": [
                "Image upload",
                "bulk upload",
                "gridfield bulk upload",
                "silverstripe"
            ],
            "time": "2014-07-24 11:29:03"
        },
        {
            "name": "composer/installers",
            "version": "v1.0.16",
            "source": {
                "type": "git",
                "url": "https://github.com/composer/installers.git",
                "reference": "033679ad3cfc5ab759f9ed2a58881aeef13c342b"
            },
            "dist": {
                "type": "zip",
                "url": "https://api.github.com/repos/composer/installers/zipball/033679ad3cfc5ab759f9ed2a58881aeef13c342b",
                "reference": "033679ad3cfc5ab759f9ed2a58881aeef13c342b",
                "shasum": ""
            },
            "replace": {
                "roundcube/plugin-installer": "*",
                "shama/baton": "*"
            },
            "require-dev": {
                "composer/composer": "1.0.*@dev",
                "phpunit/phpunit": "4.1.*"
            },
            "type": "composer-installer",
            "extra": {
                "class": "Composer\\Installers\\Installer",
                "branch-alias": {
                    "dev-master": "1.0-dev"
                }
            },
            "autoload": {
                "psr-0": {
                    "Composer\\Installers\\": "src/"
                }
            },
            "notification-url": "https://packagist.org/downloads/",
            "license": [
                "MIT"
            ],
            "authors": [
                {
                    "name": "Kyle Robinson Young",
                    "email": "kyle@dontkry.com",
                    "homepage": "https://github.com/shama"
                }
            ],
            "description": "A multi-framework Composer library installer",
            "homepage": "http://composer.github.com/installers/",
            "keywords": [
                "Craft",
                "Dolibarr",
                "Hurad",
                "MODX Evo",
                "OXID",
                "WolfCMS",
                "agl",
                "annotatecms",
                "bitrix",
                "cakephp",
                "codeigniter",
                "concrete5",
                "croogo",
                "drupal",
                "elgg",
                "fuelphp",
                "installer",
                "joomla",
                "kohana",
                "laravel",
                "lithium",
                "magento",
                "mako",
                "mediawiki",
                "modulework",
                "moodle",
                "phpbb",
                "piwik",
                "ppi",
                "puppet",
                "roundcube",
                "shopware",
                "silverstripe",
                "symfony",
                "typo3",
                "wordpress",
                "zend",
                "zikula"
            ],
            "time": "2014-07-21 15:54:34"
        },
        {
            "name": "guzzle/guzzle",
            "version": "v3.9.1",
            "source": {
                "type": "git",
                "url": "https://github.com/guzzle/guzzle3.git",
                "reference": "92d9934f2fca1da15178c91239576ae26e505e60"
            },
            "dist": {
                "type": "zip",
                "url": "https://api.github.com/repos/guzzle/guzzle3/zipball/92d9934f2fca1da15178c91239576ae26e505e60",
                "reference": "92d9934f2fca1da15178c91239576ae26e505e60",
                "shasum": ""
            },
            "require": {
                "ext-curl": "*",
                "php": ">=5.3.3",
                "symfony/event-dispatcher": "~2.1"
            },
            "replace": {
                "guzzle/batch": "self.version",
                "guzzle/cache": "self.version",
                "guzzle/common": "self.version",
                "guzzle/http": "self.version",
                "guzzle/inflection": "self.version",
                "guzzle/iterator": "self.version",
                "guzzle/log": "self.version",
                "guzzle/parser": "self.version",
                "guzzle/plugin": "self.version",
                "guzzle/plugin-async": "self.version",
                "guzzle/plugin-backoff": "self.version",
                "guzzle/plugin-cache": "self.version",
                "guzzle/plugin-cookie": "self.version",
                "guzzle/plugin-curlauth": "self.version",
                "guzzle/plugin-error-response": "self.version",
                "guzzle/plugin-history": "self.version",
                "guzzle/plugin-log": "self.version",
                "guzzle/plugin-md5": "self.version",
                "guzzle/plugin-mock": "self.version",
                "guzzle/plugin-oauth": "self.version",
                "guzzle/service": "self.version",
                "guzzle/stream": "self.version"
            },
            "require-dev": {
                "doctrine/cache": "~1.3",
                "monolog/monolog": "~1.0",
                "phpunit/phpunit": "3.7.*",
                "psr/log": "~1.0",
                "symfony/class-loader": "~2.1",
                "zendframework/zend-cache": "2.*,<2.3",
                "zendframework/zend-log": "2.*,<2.3"
            },
            "type": "library",
            "extra": {
                "branch-alias": {
                    "dev-master": "3.8-dev"
                }
            },
            "autoload": {
                "psr-0": {
                    "Guzzle": "src/",
                    "Guzzle\\Tests": "tests/"
                }
            },
            "notification-url": "https://packagist.org/downloads/",
            "license": [
                "MIT"
            ],
            "authors": [
                {
                    "name": "Michael Dowling",
                    "email": "mtdowling@gmail.com",
                    "homepage": "https://github.com/mtdowling"
                },
                {
                    "name": "Guzzle Community",
                    "homepage": "https://github.com/guzzle/guzzle/contributors"
                }
            ],
            "description": "Guzzle is a PHP HTTP client library and framework for building RESTful web service clients",
            "homepage": "http://guzzlephp.org/",
            "keywords": [
                "client",
                "curl",
                "framework",
                "http",
                "http client",
                "rest",
                "web service"
            ],
            "time": "2014-05-07 17:04:22"
        },
        {
            "name": "knplabs/github-api",
            "version": "1.2.6",
            "source": {
                "type": "git",
                "url": "https://github.com/KnpLabs/php-github-api.git",
                "reference": "6ee8ad85e4d4a82e8ab92ac76fd14671dbba5158"
            },
            "dist": {
                "type": "zip",
                "url": "https://api.github.com/repos/KnpLabs/php-github-api/zipball/6ee8ad85e4d4a82e8ab92ac76fd14671dbba5158",
                "reference": "6ee8ad85e4d4a82e8ab92ac76fd14671dbba5158",
                "shasum": ""
            },
            "require": {
                "ext-curl": "*",
                "guzzle/guzzle": "~3.7",
                "php": ">=5.3.2"
            },
            "require-dev": {
                "phpunit/phpunit": "~4.0"
            },
            "suggest": {
                "knplabs/gaufrette": "Needed for optional Gaufrette cache"
            },
            "type": "library",
            "extra": {
                "branch-alias": {
                    "dev-master": "1.3.x-dev"
                }
            },
            "autoload": {
                "psr-0": {
                    "Github\\": "lib/"
                }
            },
            "notification-url": "https://packagist.org/downloads/",
            "license": [
                "MIT"
            ],
            "authors": [
                {
                    "name": "Thibault Duplessis",
                    "email": "thibault.duplessis@gmail.com",
                    "homepage": "http://ornicar.github.com"
                },
                {
                    "name": "KnpLabs Team",
                    "homepage": "http://knplabs.com"
                }
            ],
            "description": "GitHub API v3 client",
            "homepage": "https://github.com/KnpLabs/php-github-api",
            "keywords": [
                "api",
                "gh",
                "gist",
                "github"
            ],
            "time": "2014-07-01 12:09:42"
        },
        {
            "name": "opauth/github",
            "version": "0.1.0",
            "source": {
                "type": "git",
                "url": "https://github.com/opauth/github.git",
                "reference": "9c4fe16dc6498b2c94f4c2a41ab93b0fe4b7fa73"
            },
            "dist": {
                "type": "zip",
                "url": "https://api.github.com/repos/opauth/github/zipball/9c4fe16dc6498b2c94f4c2a41ab93b0fe4b7fa73",
                "reference": "9c4fe16dc6498b2c94f4c2a41ab93b0fe4b7fa73",
                "shasum": ""
            },
            "require": {
                "opauth/opauth": ">=0.4.0",
                "php": ">=5.2.0"
            },
            "type": "library",
            "autoload": {
                "psr-0": {
                    "": "."
                }
            },
            "notification-url": "https://packagist.org/downloads/",
            "license": [
                "MIT"
            ],
            "authors": [
                {
                    "name": "U-Zyn Chua",
                    "email": "chua@uzyn.com",
                    "homepage": "http://uzyn.com"
                }
            ],
            "description": "GitHub authentication strategy for Opauth",
            "homepage": "http://opauth.org",
            "keywords": [
                "Authentication",
                "auth",
                "github"
            ],
            "time": "2012-07-23 06:13:59"
        },
        {
            "name": "opauth/opauth",
            "version": "0.4.4",
            "source": {
                "type": "git",
                "url": "https://github.com/opauth/opauth.git",
                "reference": "436fb98c2374c9e8ae4d8adddf83214bee4d9c72"
            },
            "dist": {
                "type": "zip",
                "url": "https://api.github.com/repos/opauth/opauth/zipball/436fb98c2374c9e8ae4d8adddf83214bee4d9c72",
                "reference": "436fb98c2374c9e8ae4d8adddf83214bee4d9c72",
                "shasum": ""
            },
            "require": {
                "php": ">=5.2.0"
            },
            "suggest": {
                "opauth/facebook": "Allows Facebook authentication",
                "opauth/google": "Allows Google authentication",
                "opauth/twitter": "Allows Twitter authentication"
            },
            "type": "library",
            "autoload": {
                "classmap": [
                    "lib/Opauth/"
                ]
            },
            "notification-url": "https://packagist.org/downloads/",
            "license": [
                "MIT"
            ],
            "authors": [
                {
                    "name": "U-Zyn Chua",
                    "email": "chua@uzyn.com",
                    "homepage": "http://uzyn.com"
                }
            ],
            "description": "Multi-provider authentication framework for PHP",
            "homepage": "http://opauth.org",
            "keywords": [
                "Authentication",
                "OpenId",
                "auth",
                "facebook",
                "google",
                "oauth",
                "omniauth",
                "twitter"
            ],
            "time": "2013-05-10 09:01:52"
        },
        {
            "name": "opauth/twitter",
            "version": "0.3.1",
            "source": {
                "type": "git",
                "url": "https://github.com/opauth/twitter.git",
                "reference": "24792d512ccc67e7d11e9249737616f039551c11"
            },
            "dist": {
                "type": "zip",
                "url": "https://api.github.com/repos/opauth/twitter/zipball/24792d512ccc67e7d11e9249737616f039551c11",
                "reference": "24792d512ccc67e7d11e9249737616f039551c11",
                "shasum": ""
            },
            "require": {
                "opauth/opauth": ">=0.2.0",
                "php": ">=5.2.0"
            },
            "type": "library",
            "autoload": {
                "psr-0": {
                    "": "."
                }
            },
            "notification-url": "https://packagist.org/downloads/",
            "license": [
                "MIT"
            ],
            "authors": [
                {
                    "name": "U-Zyn Chua",
                    "email": "chua@uzyn.com",
                    "homepage": "http://uzyn.com"
                }
            ],
            "description": "Twitter strategy for Opauth",
            "homepage": "http://opauth.org",
            "keywords": [
                "Authentication",
                "auth",
                "twitter"
            ],
            "time": "2013-06-12 07:50:11"
        },
        {
            "name": "silverstripe/cms",
            "version": "3.1.5",
            "source": {
                "type": "git",
                "url": "https://github.com/silverstripe/silverstripe-cms.git",
                "reference": "3033d454982c5fac5a2089842e767e8866f05737"
            },
            "dist": {
                "type": "zip",
                "url": "https://api.github.com/repos/silverstripe/silverstripe-cms/zipball/3033d454982c5fac5a2089842e767e8866f05737",
                "reference": "3033d454982c5fac5a2089842e767e8866f05737",
                "shasum": ""
            },
            "require": {
                "composer/installers": "*",
                "php": ">=5.3.2",
                "silverstripe/framework": "3.1.*"
            },
            "type": "silverstripe-module",
            "autoload": {
                "classmap": [
                    "tests/behat/"
                ]
            },
            "notification-url": "https://packagist.org/downloads/",
            "license": [
                "BSD-3-Clause"
            ],
            "authors": [
                {
                    "name": "SilverStripe",
                    "homepage": "http://silverstripe.com"
                },
                {
                    "name": "The SilverStripe Community",
                    "homepage": "http://silverstripe.org"
                }
            ],
            "description": "The SilverStripe Content Management System",
            "homepage": "http://silverstripe.org",
            "keywords": [
                "cms",
                "silverstripe"
            ],
            "time": "2014-05-12 23:13:44"
        },
        {
            "name": "silverstripe/dataobjectaspage",
            "version": "dev-master",
            "source": {
                "type": "git",
                "url": "https://github.com/arambalakjian/DataObject-as-Page.git",
                "reference": "4f2cb29a23b71a2649c2edeaf565945bf5dd985b"
            },
            "dist": {
                "type": "zip",
                "url": "https://api.github.com/repos/arambalakjian/DataObject-as-Page/zipball/4f2cb29a23b71a2649c2edeaf565945bf5dd985b",
                "reference": "4f2cb29a23b71a2649c2edeaf565945bf5dd985b",
                "shasum": ""
            },
            "require": {
                "silverstripe/cms": "3.1.*",
                "silverstripe/framework": "3.1.*"
            },
            "replace": {
                "silverstripe/dataobjectaspage": "*"
            },
            "type": "silverstripe-module",
            "notification-url": "https://packagist.org/downloads/",
            "authors": [
                {
                    "name": "Aram Balakjian",
                    "email": "aram@carboncrayon.com"
                }
            ],
            "description": "Manage DataObjects through model admin but display them as pages on the site",
            "keywords": [
                "dataobjectasapage",
                "silverstripe"
            ],
            "time": "2014-05-27 17:23:34"
        },
        {
            "name": "silverstripe/framework",
            "version": "3.1.5",
            "source": {
                "type": "git",
                "url": "https://github.com/silverstripe/silverstripe-framework.git",
                "reference": "830c10704c98862609dea94400ff48524dffa676"
            },
            "dist": {
                "type": "zip",
                "url": "https://api.github.com/repos/silverstripe/silverstripe-framework/zipball/830c10704c98862609dea94400ff48524dffa676",
                "reference": "830c10704c98862609dea94400ff48524dffa676",
                "shasum": ""
            },
            "require": {
                "composer/installers": "*",
                "php": ">=5.3.2"
            },
            "require-dev": {
                "phpunit/phpunit": "~3.7@stable"
            },
            "type": "silverstripe-module",
            "autoload": {
                "classmap": [
                    "tests/behat/features/bootstrap"
                ]
            },
            "notification-url": "https://packagist.org/downloads/",
            "license": [
                "BSD-3-Clause"
            ],
            "authors": [
                {
                    "name": "SilverStripe",
                    "homepage": "http://silverstripe.com"
                },
                {
                    "name": "The SilverStripe Community",
                    "homepage": "http://silverstripe.org"
                }
            ],
            "description": "The SilverStripe framework",
            "homepage": "http://silverstripe.org",
            "keywords": [
                "framework",
                "silverstripe"
            ],
            "time": "2014-05-13 03:06:43"
        },
        {
            "name": "silverstripe/googlesitemaps",
            "version": "dev-master",
            "source": {
                "type": "git",
                "url": "https://github.com/silverstripe-labs/silverstripe-googlesitemaps.git",
                "reference": "198a850f8dfb65751d0ae20c6576bc4fa2fd0608"
            },
            "dist": {
                "type": "zip",
                "url": "https://api.github.com/repos/silverstripe-labs/silverstripe-googlesitemaps/zipball/198a850f8dfb65751d0ae20c6576bc4fa2fd0608",
                "reference": "198a850f8dfb65751d0ae20c6576bc4fa2fd0608",
                "shasum": ""
            },
            "require": {
                "silverstripe/framework": "~3.1"
            },
            "type": "silverstripe-module",
            "notification-url": "https://packagist.org/downloads/",
            "license": [
                "BSD"
            ],
            "authors": [
                {
                    "name": "Will Rossiter",
                    "email": "will@fullscreen.io",
                    "homepage": "http://wilr.github.com"
                }
            ],
            "description": "SilverStripe support for the Google Sitemaps XML system, enabling Google and other search engines to see all urls on your site. This helps your SilverStripe website rank well in search engines, and to encourage the information on your site to be discovered by Google quickly.",
            "homepage": "https://github.com/silverstripe-labs/silverstripe-googlesitemaps",
            "keywords": [
                "googlesitemaps",
                "seo",
                "silverstripe"
            ],
            "time": "2014-07-17 22:16:18"
        },
        {
            "name": "symfony/event-dispatcher",
            "version": "v2.5.2",
            "target-dir": "Symfony/Component/EventDispatcher",
            "source": {
                "type": "git",
                "url": "https://github.com/symfony/EventDispatcher.git",
                "reference": "2215d2ef6fd7ab24d55576a3d924df575c741762"
            },
            "dist": {
                "type": "zip",
                "url": "https://api.github.com/repos/symfony/EventDispatcher/zipball/2215d2ef6fd7ab24d55576a3d924df575c741762",
                "reference": "2215d2ef6fd7ab24d55576a3d924df575c741762",
                "shasum": ""
            },
            "require": {
                "php": ">=5.3.3"
            },
            "require-dev": {
                "psr/log": "~1.0",
                "symfony/config": "~2.0",
                "symfony/dependency-injection": "~2.0",
                "symfony/stopwatch": "~2.2"
            },
            "suggest": {
                "symfony/dependency-injection": "",
                "symfony/http-kernel": ""
            },
            "type": "library",
            "extra": {
                "branch-alias": {
                    "dev-master": "2.5-dev"
                }
            },
            "autoload": {
                "psr-0": {
                    "Symfony\\Component\\EventDispatcher\\": ""
                }
            },
            "notification-url": "https://packagist.org/downloads/",
            "license": [
                "MIT"
            ],
            "authors": [
                {
                    "name": "Fabien Potencier",
                    "email": "fabien@symfony.com",
                    "homepage": "http://fabien.potencier.org",
                    "role": "Lead Developer"
                },
                {
                    "name": "Symfony Community",
                    "homepage": "http://symfony.com/contributors"
                }
            ],
            "description": "Symfony EventDispatcher Component",
            "homepage": "http://symfony.com",
            "time": "2014-07-09 09:05:48"
        }
    ],
    "packages-dev": [

    ],
    "aliases": [

    ],
    "minimum-stability": "stable",
    "stability-flags": {
        "carboncrayon/silverstripe-utils": 20,
        "silverstripe/dataobjectaspage": 20,
        "arambalakjian/dataobjectaspagefilter": 20,
        "colymba/gridfield-bulk-editing-tools": 20,
        "ajshort/silverstripe-gridfieldextensions": 20,
        "silverstripe/googlesitemaps": 20
    },
    "platform": {
        "php": ">=5.3.2"
    },
    "platform-dev": [

    ]
}
